
Microsoft Visual Studio Solution File, Format Version 12.00
# Visual Studio Version 16
VisualStudioVersion = 16.0.30717.126
MinimumVisualStudioVersion = 10.0.40219.1
Project("{FAE04EC0-301F-11D3-BF4B-00C04F79EFBC}") = "Q38", "Q38\Q38.csproj", "{5F034E5B-AFF2-4B8D-B4AE-ABAC4F77E620}"
EndProject
Global
	GlobalSection(SolutionConfigurationPlatforms) = preSolution
		Debug|Any CPU = Debug|Any CPU
		Release|Any CPU = Release|Any CPU
	EndGlobalSection
	GlobalSection(ProjectConfigurationPlatforms) = postSolution
		{5F034E5B-AFF2-4B8D-B4AE-ABAC4F77E620}.Debug|Any CPU.ActiveCfg = Debug|Any CPU
		{5F034E5B-AFF2-4B8D-B4AE-ABAC4F77E620}.Debug|Any CPU.Build.0 = Debug|Any CPU
		{5F034E5B-AFF2-4B8D-B4AE-ABAC4F77E620}.Release|Any CPU.ActiveCfg = Release|Any CPU
		{5F034E5B-AFF2-4B8D-B4AE-ABAC4F77E620}.Release|Any CPU.Build.0 = Release|Any CPU
	EndGlobalSection
	GlobalSection(SolutionProperties) = preSolution
		HideSolutionNode = FALSE
	EndGlobalSection
	GlobalSection(ExtensibilityGlobals) = postSolution
		SolutionGuid = {46A69012-8CF1-48B3-A686-F68EBF52E27D}
	EndGlobalSection
EndGlobal
