
Microsoft Visual Studio Solution File, Format Version 12.00
# Visual Studio Version 16
VisualStudioVersion = 16.0.30717.126
MinimumVisualStudioVersion = 10.0.40219.1
Project("{FAE04EC0-301F-11D3-BF4B-00C04F79EFBC}") = "Q16", "Q16\Q16.csproj", "{C1AE7B03-D6C8-4EA9-BFD8-9FF61E18A598}"
EndProject
Global
	GlobalSection(SolutionConfigurationPlatforms) = preSolution
		Debug|Any CPU = Debug|Any CPU
		Release|Any CPU = Release|Any CPU
	EndGlobalSection
	GlobalSection(ProjectConfigurationPlatforms) = postSolution
		{C1AE7B03-D6C8-4EA9-BFD8-9FF61E18A598}.Debug|Any CPU.ActiveCfg = Debug|Any CPU
		{C1AE7B03-D6C8-4EA9-BFD8-9FF61E18A598}.Debug|Any CPU.Build.0 = Debug|Any CPU
		{C1AE7B03-D6C8-4EA9-BFD8-9FF61E18A598}.Release|Any CPU.ActiveCfg = Release|Any CPU
		{C1AE7B03-D6C8-4EA9-BFD8-9FF61E18A598}.Release|Any CPU.Build.0 = Release|Any CPU
	EndGlobalSection
	GlobalSection(SolutionProperties) = preSolution
		HideSolutionNode = FALSE
	EndGlobalSection
	GlobalSection(ExtensibilityGlobals) = postSolution
		SolutionGuid = {143F6AF2-DABE-44C5-B87A-764824D445E5}
	EndGlobalSection
EndGlobal
