
Microsoft Visual Studio Solution File, Format Version 12.00
# Visual Studio Version 16
VisualStudioVersion = 16.0.30717.126
MinimumVisualStudioVersion = 10.0.40219.1
Project("{FAE04EC0-301F-11D3-BF4B-00C04F79EFBC}") = "Q37", "Q37\Q37.csproj", "{ADD1468F-B853-4FFC-833C-AF46E9F79AAB}"
EndProject
Global
	GlobalSection(SolutionConfigurationPlatforms) = preSolution
		Debug|Any CPU = Debug|Any CPU
		Release|Any CPU = Release|Any CPU
	EndGlobalSection
	GlobalSection(ProjectConfigurationPlatforms) = postSolution
		{ADD1468F-B853-4FFC-833C-AF46E9F79AAB}.Debug|Any CPU.ActiveCfg = Debug|Any CPU
		{ADD1468F-B853-4FFC-833C-AF46E9F79AAB}.Debug|Any CPU.Build.0 = Debug|Any CPU
		{ADD1468F-B853-4FFC-833C-AF46E9F79AAB}.Release|Any CPU.ActiveCfg = Release|Any CPU
		{ADD1468F-B853-4FFC-833C-AF46E9F79AAB}.Release|Any CPU.Build.0 = Release|Any CPU
	EndGlobalSection
	GlobalSection(SolutionProperties) = preSolution
		HideSolutionNode = FALSE
	EndGlobalSection
	GlobalSection(ExtensibilityGlobals) = postSolution
		SolutionGuid = {2A6C2A23-B9A5-438E-8577-4459E5440A3C}
	EndGlobalSection
EndGlobal
