
Microsoft Visual Studio Solution File, Format Version 12.00
# Visual Studio Version 16
VisualStudioVersion = 16.0.30717.126
MinimumVisualStudioVersion = 10.0.40219.1
Project("{FAE04EC0-301F-11D3-BF4B-00C04F79EFBC}") = "Q8", "Q8\Q8.csproj", "{0BA4DF4A-7F17-493A-90AC-48F6E26C9AF6}"
EndProject
Global
	GlobalSection(SolutionConfigurationPlatforms) = preSolution
		Debug|Any CPU = Debug|Any CPU
		Release|Any CPU = Release|Any CPU
	EndGlobalSection
	GlobalSection(ProjectConfigurationPlatforms) = postSolution
		{0BA4DF4A-7F17-493A-90AC-48F6E26C9AF6}.Debug|Any CPU.ActiveCfg = Debug|Any CPU
		{0BA4DF4A-7F17-493A-90AC-48F6E26C9AF6}.Debug|Any CPU.Build.0 = Debug|Any CPU
		{0BA4DF4A-7F17-493A-90AC-48F6E26C9AF6}.Release|Any CPU.ActiveCfg = Release|Any CPU
		{0BA4DF4A-7F17-493A-90AC-48F6E26C9AF6}.Release|Any CPU.Build.0 = Release|Any CPU
	EndGlobalSection
	GlobalSection(SolutionProperties) = preSolution
		HideSolutionNode = FALSE
	EndGlobalSection
	GlobalSection(ExtensibilityGlobals) = postSolution
		SolutionGuid = {46B8BC4B-DF10-4B39-930B-4C4D42D43642}
	EndGlobalSection
EndGlobal
